
Microsoft Visual Studio Solution File, Format Version 12.00
# Visual Studio 14
VisualStudioVersion = 14.0.25420.1
MinimumVisualStudioVersion = 10.0.40219.1
Project("{FAE04EC0-301F-11D3-BF4B-00C04F79EFBC}") = "Keeper-Louis.K3.Sal.ConvertPlugIn", "Keeper-Louis.K3.Sal.ConvertPlugIn\Keeper-Louis.K3.Sal.ConvertPlugIn.csproj", "{514D47F8-6818-402E-B774-9E30BF8119E5}"
EndProject
Global
	GlobalSection(SolutionConfigurationPlatforms) = preSolution
		Debug|Any CPU = Debug|Any CPU
		Release|Any CPU = Release|Any CPU
	EndGlobalSection
	GlobalSection(ProjectConfigurationPlatforms) = postSolution
		{514D47F8-6818-402E-B774-9E30BF8119E5}.Debug|Any CPU.ActiveCfg = Debug|Any CPU
		{514D47F8-6818-402E-B774-9E30BF8119E5}.Debug|Any CPU.Build.0 = Debug|Any CPU
		{514D47F8-6818-402E-B774-9E30BF8119E5}.Release|Any CPU.ActiveCfg = Release|Any CPU
		{514D47F8-6818-402E-B774-9E30BF8119E5}.Release|Any CPU.Build.0 = Release|Any CPU
	EndGlobalSection
	GlobalSection(SolutionProperties) = preSolution
		HideSolutionNode = FALSE
	EndGlobalSection
EndGlobal
